
Microsoft Visual Studio Solution File, Format Version 12.00
# Visual Studio Version 16
VisualStudioVersion = 16.0.30011.22
MinimumVisualStudioVersion = 10.0.40219.1
Project("{FAE04EC0-301F-11D3-BF4B-00C04F79EFBC}") = "InventoryControlSystem.API", "InventoryControlSystem.API\InventoryControlSystem.API.csproj", "{E463C6D2-D72F-4B89-A538-A50AE4B88EB4}"
EndProject
Project("{FAE04EC0-301F-11D3-BF4B-00C04F79EFBC}") = "InventoryControlSystem.DAL", "InventoryControlSystem.DAL\InventoryControlSystem.DAL.csproj", "{111BBE7B-C763-4E1D-B6BA-068E788AB38A}"
EndProject
Project("{FAE04EC0-301F-11D3-BF4B-00C04F79EFBC}") = "InventoryControlSystem.BAL", "InventoryControlSystem.BAL\InventoryControlSystem.BAL.csproj", "{BC3B173C-8BDF-4A14-880E-EBC35D3F5D60}"
EndProject
Global
	GlobalSection(SolutionConfigurationPlatforms) = preSolution
		Debug|Any CPU = Debug|Any CPU
		Release|Any CPU = Release|Any CPU
	EndGlobalSection
	GlobalSection(ProjectConfigurationPlatforms) = postSolution
		{E463C6D2-D72F-4B89-A538-A50AE4B88EB4}.Debug|Any CPU.ActiveCfg = Debug|Any CPU
		{E463C6D2-D72F-4B89-A538-A50AE4B88EB4}.Debug|Any CPU.Build.0 = Debug|Any CPU
		{E463C6D2-D72F-4B89-A538-A50AE4B88EB4}.Release|Any CPU.ActiveCfg = Release|Any CPU
		{E463C6D2-D72F-4B89-A538-A50AE4B88EB4}.Release|Any CPU.Build.0 = Release|Any CPU
		{111BBE7B-C763-4E1D-B6BA-068E788AB38A}.Debug|Any CPU.ActiveCfg = Debug|Any CPU
		{111BBE7B-C763-4E1D-B6BA-068E788AB38A}.Debug|Any CPU.Build.0 = Debug|Any CPU
		{111BBE7B-C763-4E1D-B6BA-068E788AB38A}.Release|Any CPU.ActiveCfg = Release|Any CPU
		{111BBE7B-C763-4E1D-B6BA-068E788AB38A}.Release|Any CPU.Build.0 = Release|Any CPU
		{BC3B173C-8BDF-4A14-880E-EBC35D3F5D60}.Debug|Any CPU.ActiveCfg = Debug|Any CPU
		{BC3B173C-8BDF-4A14-880E-EBC35D3F5D60}.Debug|Any CPU.Build.0 = Debug|Any CPU
		{BC3B173C-8BDF-4A14-880E-EBC35D3F5D60}.Release|Any CPU.ActiveCfg = Release|Any CPU
		{BC3B173C-8BDF-4A14-880E-EBC35D3F5D60}.Release|Any CPU.Build.0 = Release|Any CPU
	EndGlobalSection
	GlobalSection(SolutionProperties) = preSolution
		HideSolutionNode = FALSE
	EndGlobalSection
	GlobalSection(ExtensibilityGlobals) = postSolution
		SolutionGuid = {46B4CAA9-C434-496C-A266-A5F4A44A0D37}
	EndGlobalSection
EndGlobal
